
Microsoft Visual Studio Solution File, Format Version 12.00
Project("{FAE04EC0-301F-11D3-BF4B-00C04F79EFBC}") = "Agent", "Agent\Agent.csproj", "{118137BE-F6DB-4F58-9DB6-E6C58A1EF5F5}"
EndProject
Project("{FAE04EC0-301F-11D3-BF4B-00C04F79EFBC}") = "Domain", "Domain\Domain.csproj", "{B9ADC0BE-BA3C-4801-8504-72AE7DD676D5}"
EndProject
Project("{FAE04EC0-301F-11D3-BF4B-00C04F79EFBC}") = "Infrastructure", "Infrastructure\Infrastructure.csproj", "{5AFB053A-224F-4BD4-8E41-BE6CDECEF173}"
EndProject
Project("{FAE04EC0-301F-11D3-BF4B-00C04F79EFBC}") = "Tests", "Tests\Tests.csproj", "{517655C8-77C1-402F-B388-54627A283EA8}"
EndProject
Project("{E53339B2-1760-4266-BCC7-CA923CBCF16C}") = "docker-compose", "DockerCompose\docker-compose.dcproj", "{26C686D5-2D38-43DC-BD8E-1EC4C99E6FD4}"
EndProject
Project("{FAE04EC0-301F-11D3-BF4B-00C04F79EFBC}") = "McpServerLibrary", "McpServerLibrary\McpServerLibrary.csproj", "{36232CD3-6F30-4C22-BA67-CDF2C57928CF}"
EndProject
Project("{FAE04EC0-301F-11D3-BF4B-00C04F79EFBC}") = "McpServerVault", "McpServerVault\McpServerVault.csproj", "{6F5FD9DA-D77F-4980-8336-91C76FA64519}"
EndProject
Project("{FAE04EC0-301F-11D3-BF4B-00C04F79EFBC}") = "McpServerWebSearch", "McpServerWebSearch\McpServerWebSearch.csproj", "{85ADD74C-5092-4F18-BCA4-D71A5B118F9B}"
EndProject
Project("{FAE04EC0-301F-11D3-BF4B-00C04F79EFBC}") = "McpServerIdealista", "McpServerIdealista\McpServerIdealista.csproj", "{ED117933-3A0F-470B-B1CC-0F72600508E9}"
EndProject
Project("{FAE04EC0-301F-11D3-BF4B-00C04F79EFBC}") = "WebChat", "WebChat\WebChat.csproj", "{241775B4-F2C6-441A-8464-A879B3E53275}"
EndProject
Project("{FAE04EC0-301F-11D3-BF4B-00C04F79EFBC}") = "WebChat.Client", "WebChat.Client\WebChat.Client.csproj", "{EA854E2F-6BC7-4873-B596-07AB0CA69C3F}"
EndProject
Project("{2150E333-8FDC-42A3-9474-1A3956D46DE8}") = "SolutionItems", "SolutionItems", "{CEA54A5E-A859-4DC5-98D2-6AFED4ED40BB}"
	ProjectSection(SolutionItems) = preProject
		docs = docs
		.claude = .claude
		.devcontainer = .devcontainer
		.gitignore = .gitignore
		CLAUDE.md = CLAUDE.md
		README.md = README.md
		LICENSE = LICENSE
		Dockerfile.base-sdk = Dockerfile.base-sdk
	EndProjectSection
EndProject
Project("{FAE04EC0-301F-11D3-BF4B-00C04F79EFBC}") = "McpChannelSignalR", "McpChannelSignalR\McpChannelSignalR.csproj", "{4887E218-01FE-46FF-8951-887DDB9F6D61}"
EndProject
Project("{FAE04EC0-301F-11D3-BF4B-00C04F79EFBC}") = "McpChannelTelegram", "McpChannelTelegram\McpChannelTelegram.csproj", "{CE239388-0ECB-4177-94D7-540CF13E7785}"
EndProject
Project("{FAE04EC0-301F-11D3-BF4B-00C04F79EFBC}") = "McpChannelServiceBus", "McpChannelServiceBus\McpChannelServiceBus.csproj", "{38186810-AF95-4F96-A232-111793413302}"
EndProject
Project("{FAE04EC0-301F-11D3-BF4B-00C04F79EFBC}") = "Observability", "Observability\Observability.csproj", "{963EDE81-4E97-4EAC-8477-C0F7AC11488D}"
EndProject
Project("{FAE04EC0-301F-11D3-BF4B-00C04F79EFBC}") = "Dashboard.Client", "Dashboard.Client\Dashboard.Client.csproj", "{3CFAB3FF-1507-449B-A5E6-38A393004D3D}"
EndProject
Project("{FAE04EC0-301F-11D3-BF4B-00C04F79EFBC}") = "McpServerSandbox", "McpServerSandbox\McpServerSandbox.csproj", "{B1FCE8DA-09D5-45B4-9CFC-88BA97E00EED}"
EndProject
Project("{FAE04EC0-301F-11D3-BF4B-00C04F79EFBC}") = "McpServerHomeAssistant", "McpServerHomeAssistant\McpServerHomeAssistant.csproj", "{41BB4884-327D-43DE-8844-F4533E6B627E}"
EndProject
Project("{FAE04EC0-301F-11D3-BF4B-00C04F79EFBC}") = "McpServerScheduling", "McpServerScheduling\McpServerScheduling.csproj", "{0A7B7852-4787-490A-9804-23EBEC0BF6F6}"
EndProject
Project("{FAE04EC0-301F-11D3-BF4B-00C04F79EFBC}") = "McpServerPrinter", "McpServerPrinter\McpServerPrinter.csproj", "{3632800F-7381-4240-87AF-4D96E99C0982}"
EndProject
Project("{FAE04EC0-301F-11D3-BF4B-00C04F79EFBC}") = "McpServerTimers", "McpServerTimers\McpServerTimers.csproj", "{6736C8B3-B9E9-4823-970F-CFFBEB1F1797}"
EndProject
Project("{FAE04EC0-301F-11D3-BF4B-00C04F79EFBC}") = "McpChannelVoice", "McpChannelVoice\McpChannelVoice.csproj", "{20FCF76A-5B2E-4B5D-A162-8B752B7209BD}"
EndProject
Project("{FAE04EC0-301F-11D3-BF4B-00C04F79EFBC}") = "Mcp.Hosting", "Mcp.Hosting\Mcp.Hosting.csproj", "{EB31D208-69DC-4260-8E36-C7DD36E68680}"
EndProject
Project("{FAE04EC0-301F-11D3-BF4B-00C04F79EFBC}") = "McpServerOutpost", "McpServerOutpost\McpServerOutpost.csproj", "{47E18C7A-8C0D-4FA3-A916-7E978DC250C6}"
EndProject
Global
	GlobalSection(SolutionConfigurationPlatforms) = preSolution
		Debug|Any CPU = Debug|Any CPU
		Debug|x64 = Debug|x64
		Debug|x86 = Debug|x86
		Release|Any CPU = Release|Any CPU
		Release|x64 = Release|x64
		Release|x86 = Release|x86
	EndGlobalSection
	GlobalSection(ProjectConfigurationPlatforms) = postSolution
		{118137BE-F6DB-4F58-9DB6-E6C58A1EF5F5}.Debug|Any CPU.ActiveCfg = Debug|Any CPU
		{118137BE-F6DB-4F58-9DB6-E6C58A1EF5F5}.Debug|Any CPU.Build.0 = Debug|Any CPU
		{118137BE-F6DB-4F58-9DB6-E6C58A1EF5F5}.Debug|x64.ActiveCfg = Debug|Any CPU
		{118137BE-F6DB-4F58-9DB6-E6C58A1EF5F5}.Debug|x64.Build.0 = Debug|Any CPU
		{118137BE-F6DB-4F58-9DB6-E6C58A1EF5F5}.Debug|x86.ActiveCfg = Debug|Any CPU
		{118137BE-F6DB-4F58-9DB6-E6C58A1EF5F5}.Debug|x86.Build.0 = Debug|Any CPU
		{118137BE-F6DB-4F58-9DB6-E6C58A1EF5F5}.Release|Any CPU.ActiveCfg = Release|Any CPU
		{118137BE-F6DB-4F58-9DB6-E6C58A1EF5F5}.Release|Any CPU.Build.0 = Release|Any CPU
		{118137BE-F6DB-4F58-9DB6-E6C58A1EF5F5}.Release|x64.ActiveCfg = Release|Any CPU
		{118137BE-F6DB-4F58-9DB6-E6C58A1EF5F5}.Release|x64.Build.0 = Release|Any CPU
		{118137BE-F6DB-4F58-9DB6-E6C58A1EF5F5}.Release|x86.ActiveCfg = Release|Any CPU
		{118137BE-F6DB-4F58-9DB6-E6C58A1EF5F5}.Release|x86.Build.0 = Release|Any CPU
		{B9ADC0BE-BA3C-4801-8504-72AE7DD676D5}.Debug|Any CPU.ActiveCfg = Debug|Any CPU
		{B9ADC0BE-BA3C-4801-8504-72AE7DD676D5}.Debug|Any CPU.Build.0 = Debug|Any CPU
		{B9ADC0BE-BA3C-4801-8504-72AE7DD676D5}.Debug|x64.ActiveCfg = Debug|Any CPU
		{B9ADC0BE-BA3C-4801-8504-72AE7DD676D5}.Debug|x64.Build.0 = Debug|Any CPU
		{B9ADC0BE-BA3C-4801-8504-72AE7DD676D5}.Debug|x86.ActiveCfg = Debug|Any CPU
		{B9ADC0BE-BA3C-4801-8504-72AE7DD676D5}.Debug|x86.Build.0 = Debug|Any CPU
		{B9ADC0BE-BA3C-4801-8504-72AE7DD676D5}.Release|Any CPU.ActiveCfg = Release|Any CPU
		{B9ADC0BE-BA3C-4801-8504-72AE7DD676D5}.Release|Any CPU.Build.0 = Release|Any CPU
		{B9ADC0BE-BA3C-4801-8504-72AE7DD676D5}.Release|x64.ActiveCfg = Release|Any CPU
		{B9ADC0BE-BA3C-4801-8504-72AE7DD676D5}.Release|x64.Build.0 = Release|Any CPU
		{B9ADC0BE-BA3C-4801-8504-72AE7DD676D5}.Release|x86.ActiveCfg = Release|Any CPU
		{B9ADC0BE-BA3C-4801-8504-72AE7DD676D5}.Release|x86.Build.0 = Release|Any CPU
		{5AFB053A-224F-4BD4-8E41-BE6CDECEF173}.Debug|Any CPU.ActiveCfg = Debug|Any CPU
		{5AFB053A-224F-4BD4-8E41-BE6CDECEF173}.Debug|Any CPU.Build.0 = Debug|Any CPU
		{5AFB053A-224F-4BD4-8E41-BE6CDECEF173}.Debug|x64.ActiveCfg = Debug|Any CPU
		{5AFB053A-224F-4BD4-8E41-BE6CDECEF173}.Debug|x64.Build.0 = Debug|Any CPU
		{5AFB053A-224F-4BD4-8E41-BE6CDECEF173}.Debug|x86.ActiveCfg = Debug|Any CPU
		{5AFB053A-224F-4BD4-8E41-BE6CDECEF173}.Debug|x86.Build.0 = Debug|Any CPU
		{5AFB053A-224F-4BD4-8E41-BE6CDECEF173}.Release|Any CPU.ActiveCfg = Release|Any CPU
		{5AFB053A-224F-4BD4-8E41-BE6CDECEF173}.Release|Any CPU.Build.0 = Release|Any CPU
		{5AFB053A-224F-4BD4-8E41-BE6CDECEF173}.Release|x64.ActiveCfg = Release|Any CPU
		{5AFB053A-224F-4BD4-8E41-BE6CDECEF173}.Release|x64.Build.0 = Release|Any CPU
		{5AFB053A-224F-4BD4-8E41-BE6CDECEF173}.Release|x86.ActiveCfg = Release|Any CPU
		{5AFB053A-224F-4BD4-8E41-BE6CDECEF173}.Release|x86.Build.0 = Release|Any CPU
		{517655C8-77C1-402F-B388-54627A283EA8}.Debug|Any CPU.ActiveCfg = Debug|Any CPU
		{517655C8-77C1-402F-B388-54627A283EA8}.Debug|Any CPU.Build.0 = Debug|Any CPU
		{517655C8-77C1-402F-B388-54627A283EA8}.Debug|x64.ActiveCfg = Debug|Any CPU
		{517655C8-77C1-402F-B388-54627A283EA8}.Debug|x64.Build.0 = Debug|Any CPU
		{517655C8-77C1-402F-B388-54627A283EA8}.Debug|x86.ActiveCfg = Debug|Any CPU
		{517655C8-77C1-402F-B388-54627A283EA8}.Debug|x86.Build.0 = Debug|Any CPU
		{517655C8-77C1-402F-B388-54627A283EA8}.Release|Any CPU.ActiveCfg = Release|Any CPU
		{517655C8-77C1-402F-B388-54627A283EA8}.Release|Any CPU.Build.0 = Release|Any CPU
		{517655C8-77C1-402F-B388-54627A283EA8}.Release|x64.ActiveCfg = Release|Any CPU
		{517655C8-77C1-402F-B388-54627A283EA8}.Release|x64.Build.0 = Release|Any CPU
		{517655C8-77C1-402F-B388-54627A283EA8}.Release|x86.ActiveCfg = Release|Any CPU
		{517655C8-77C1-402F-B388-54627A283EA8}.Release|x86.Build.0 = Release|Any CPU
		{36232CD3-6F30-4C22-BA67-CDF2C57928CF}.Debug|Any CPU.ActiveCfg = Debug|Any CPU
		{36232CD3-6F30-4C22-BA67-CDF2C57928CF}.Debug|Any CPU.Build.0 = Debug|Any CPU
		{36232CD3-6F30-4C22-BA67-CDF2C57928CF}.Debug|x64.ActiveCfg = Debug|Any CPU
		{36232CD3-6F30-4C22-BA67-CDF2C57928CF}.Debug|x64.Build.0 = Debug|Any CPU
		{36232CD3-6F30-4C22-BA67-CDF2C57928CF}.Debug|x86.ActiveCfg = Debug|Any CPU
		{36232CD3-6F30-4C22-BA67-CDF2C57928CF}.Debug|x86.Build.0 = Debug|Any CPU
		{36232CD3-6F30-4C22-BA67-CDF2C57928CF}.Release|Any CPU.ActiveCfg = Release|Any CPU
		{36232CD3-6F30-4C22-BA67-CDF2C57928CF}.Release|Any CPU.Build.0 = Release|Any CPU
		{36232CD3-6F30-4C22-BA67-CDF2C57928CF}.Release|x64.ActiveCfg = Release|Any CPU
		{36232CD3-6F30-4C22-BA67-CDF2C57928CF}.Release|x64.Build.0 = Release|Any CPU
		{36232CD3-6F30-4C22-BA67-CDF2C57928CF}.Release|x86.ActiveCfg = Release|Any CPU
		{36232CD3-6F30-4C22-BA67-CDF2C57928CF}.Release|x86.Build.0 = Release|Any CPU
		{6F5FD9DA-D77F-4980-8336-91C76FA64519}.Debug|Any CPU.ActiveCfg = Debug|Any CPU
		{6F5FD9DA-D77F-4980-8336-91C76FA64519}.Debug|Any CPU.Build.0 = Debug|Any CPU
		{6F5FD9DA-D77F-4980-8336-91C76FA64519}.Debug|x64.ActiveCfg = Debug|Any CPU
		{6F5FD9DA-D77F-4980-8336-91C76FA64519}.Debug|x64.Build.0 = Debug|Any CPU
		{6F5FD9DA-D77F-4980-8336-91C76FA64519}.Debug|x86.ActiveCfg = Debug|Any CPU
		{6F5FD9DA-D77F-4980-8336-91C76FA64519}.Debug|x86.Build.0 = Debug|Any CPU
		{6F5FD9DA-D77F-4980-8336-91C76FA64519}.Release|Any CPU.ActiveCfg = Release|Any CPU
		{6F5FD9DA-D77F-4980-8336-91C76FA64519}.Release|Any CPU.Build.0 = Release|Any CPU
		{6F5FD9DA-D77F-4980-8336-91C76FA64519}.Release|x64.ActiveCfg = Release|Any CPU
		{6F5FD9DA-D77F-4980-8336-91C76FA64519}.Release|x64.Build.0 = Release|Any CPU
		{6F5FD9DA-D77F-4980-8336-91C76FA64519}.Release|x86.ActiveCfg = Release|Any CPU
		{6F5FD9DA-D77F-4980-8336-91C76FA64519}.Release|x86.Build.0 = Release|Any CPU
		{85ADD74C-5092-4F18-BCA4-D71A5B118F9B}.Debug|Any CPU.ActiveCfg = Debug|Any CPU
		{85ADD74C-5092-4F18-BCA4-D71A5B118F9B}.Debug|Any CPU.Build.0 = Debug|Any CPU
		{85ADD74C-5092-4F18-BCA4-D71A5B118F9B}.Debug|x64.ActiveCfg = Debug|Any CPU
		{85ADD74C-5092-4F18-BCA4-D71A5B118F9B}.Debug|x64.Build.0 = Debug|Any CPU
		{85ADD74C-5092-4F18-BCA4-D71A5B118F9B}.Debug|x86.ActiveCfg = Debug|Any CPU
		{85ADD74C-5092-4F18-BCA4-D71A5B118F9B}.Debug|x86.Build.0 = Debug|Any CPU
		{85ADD74C-5092-4F18-BCA4-D71A5B118F9B}.Release|Any CPU.ActiveCfg = Release|Any CPU
		{85ADD74C-5092-4F18-BCA4-D71A5B118F9B}.Release|Any CPU.Build.0 = Release|Any CPU
		{85ADD74C-5092-4F18-BCA4-D71A5B118F9B}.Release|x64.ActiveCfg = Release|Any CPU
		{85ADD74C-5092-4F18-BCA4-D71A5B118F9B}.Release|x64.Build.0 = Release|Any CPU
		{85ADD74C-5092-4F18-BCA4-D71A5B118F9B}.Release|x86.ActiveCfg = Release|Any CPU
		{85ADD74C-5092-4F18-BCA4-D71A5B118F9B}.Release|x86.Build.0 = Release|Any CPU
		{ED117933-3A0F-470B-B1CC-0F72600508E9}.Debug|Any CPU.ActiveCfg = Debug|Any CPU
		{ED117933-3A0F-470B-B1CC-0F72600508E9}.Debug|Any CPU.Build.0 = Debug|Any CPU
		{ED117933-3A0F-470B-B1CC-0F72600508E9}.Debug|x64.ActiveCfg = Debug|Any CPU
		{ED117933-3A0F-470B-B1CC-0F72600508E9}.Debug|x64.Build.0 = Debug|Any CPU
		{ED117933-3A0F-470B-B1CC-0F72600508E9}.Debug|x86.ActiveCfg = Debug|Any CPU
		{ED117933-3A0F-470B-B1CC-0F72600508E9}.Debug|x86.Build.0 = Debug|Any CPU
		{ED117933-3A0F-470B-B1CC-0F72600508E9}.Release|Any CPU.ActiveCfg = Release|Any CPU
		{ED117933-3A0F-470B-B1CC-0F72600508E9}.Release|Any CPU.Build.0 = Release|Any CPU
		{ED117933-3A0F-470B-B1CC-0F72600508E9}.Release|x64.ActiveCfg = Release|Any CPU
		{ED117933-3A0F-470B-B1CC-0F72600508E9}.Release|x64.Build.0 = Release|Any CPU
		{ED117933-3A0F-470B-B1CC-0F72600508E9}.Release|x86.ActiveCfg = Release|Any CPU
		{ED117933-3A0F-470B-B1CC-0F72600508E9}.Release|x86.Build.0 = Release|Any CPU
		{241775B4-F2C6-441A-8464-A879B3E53275}.Debug|Any CPU.ActiveCfg = Debug|Any CPU
		{241775B4-F2C6-441A-8464-A879B3E53275}.Debug|Any CPU.Build.0 = Debug|Any CPU
		{241775B4-F2C6-441A-8464-A879B3E53275}.Debug|x64.ActiveCfg = Debug|Any CPU
		{241775B4-F2C6-441A-8464-A879B3E53275}.Debug|x64.Build.0 = Debug|Any CPU
		{241775B4-F2C6-441A-8464-A879B3E53275}.Debug|x86.ActiveCfg = Debug|Any CPU
		{241775B4-F2C6-441A-8464-A879B3E53275}.Debug|x86.Build.0 = Debug|Any CPU
		{241775B4-F2C6-441A-8464-A879B3E53275}.Release|Any CPU.ActiveCfg = Release|Any CPU
		{241775B4-F2C6-441A-8464-A879B3E53275}.Release|Any CPU.Build.0 = Release|Any CPU
		{241775B4-F2C6-441A-8464-A879B3E53275}.Release|x64.ActiveCfg = Release|Any CPU
		{241775B4-F2C6-441A-8464-A879B3E53275}.Release|x64.Build.0 = Release|Any CPU
		{241775B4-F2C6-441A-8464-A879B3E53275}.Release|x86.ActiveCfg = Release|Any CPU
		{241775B4-F2C6-441A-8464-A879B3E53275}.Release|x86.Build.0 = Release|Any CPU
		{EA854E2F-6BC7-4873-B596-07AB0CA69C3F}.Debug|Any CPU.ActiveCfg = Debug|Any CPU
		{EA854E2F-6BC7-4873-B596-07AB0CA69C3F}.Debug|Any CPU.Build.0 = Debug|Any CPU
		{EA854E2F-6BC7-4873-B596-07AB0CA69C3F}.Debug|x64.ActiveCfg = Debug|Any CPU
		{EA854E2F-6BC7-4873-B596-07AB0CA69C3F}.Debug|x64.Build.0 = Debug|Any CPU
		{EA854E2F-6BC7-4873-B596-07AB0CA69C3F}.Debug|x86.ActiveCfg = Debug|Any CPU
		{EA854E2F-6BC7-4873-B596-07AB0CA69C3F}.Debug|x86.Build.0 = Debug|Any CPU
		{EA854E2F-6BC7-4873-B596-07AB0CA69C3F}.Release|Any CPU.ActiveCfg = Release|Any CPU
		{EA854E2F-6BC7-4873-B596-07AB0CA69C3F}.Release|Any CPU.Build.0 = Release|Any CPU
		{EA854E2F-6BC7-4873-B596-07AB0CA69C3F}.Release|x64.ActiveCfg = Release|Any CPU
		{EA854E2F-6BC7-4873-B596-07AB0CA69C3F}.Release|x64.Build.0 = Release|Any CPU
		{EA854E2F-6BC7-4873-B596-07AB0CA69C3F}.Release|x86.ActiveCfg = Release|Any CPU
		{EA854E2F-6BC7-4873-B596-07AB0CA69C3F}.Release|x86.Build.0 = Release|Any CPU
		{4887E218-01FE-46FF-8951-887DDB9F6D61}.Debug|Any CPU.ActiveCfg = Debug|Any CPU
		{4887E218-01FE-46FF-8951-887DDB9F6D61}.Debug|Any CPU.Build.0 = Debug|Any CPU
		{4887E218-01FE-46FF-8951-887DDB9F6D61}.Debug|x64.ActiveCfg = Debug|Any CPU
		{4887E218-01FE-46FF-8951-887DDB9F6D61}.Debug|x64.Build.0 = Debug|Any CPU
		{4887E218-01FE-46FF-8951-887DDB9F6D61}.Debug|x86.ActiveCfg = Debug|Any CPU
		{4887E218-01FE-46FF-8951-887DDB9F6D61}.Debug|x86.Build.0 = Debug|Any CPU
		{4887E218-01FE-46FF-8951-887DDB9F6D61}.Release|Any CPU.ActiveCfg = Release|Any CPU
		{4887E218-01FE-46FF-8951-887DDB9F6D61}.Release|Any CPU.Build.0 = Release|Any CPU
		{4887E218-01FE-46FF-8951-887DDB9F6D61}.Release|x64.ActiveCfg = Release|Any CPU
		{4887E218-01FE-46FF-8951-887DDB9F6D61}.Release|x64.Build.0 = Release|Any CPU
		{4887E218-01FE-46FF-8951-887DDB9F6D61}.Release|x86.ActiveCfg = Release|Any CPU
		{4887E218-01FE-46FF-8951-887DDB9F6D61}.Release|x86.Build.0 = Release|Any CPU
		{CE239388-0ECB-4177-94D7-540CF13E7785}.Debug|Any CPU.ActiveCfg = Debug|Any CPU
		{CE239388-0ECB-4177-94D7-540CF13E7785}.Debug|Any CPU.Build.0 = Debug|Any CPU
		{CE239388-0ECB-4177-94D7-540CF13E7785}.Debug|x64.ActiveCfg = Debug|Any CPU
		{CE239388-0ECB-4177-94D7-540CF13E7785}.Debug|x64.Build.0 = Debug|Any CPU
		{CE239388-0ECB-4177-94D7-540CF13E7785}.Debug|x86.ActiveCfg = Debug|Any CPU
		{CE239388-0ECB-4177-94D7-540CF13E7785}.Debug|x86.Build.0 = Debug|Any CPU
		{CE239388-0ECB-4177-94D7-540CF13E7785}.Release|Any CPU.ActiveCfg = Release|Any CPU
		{CE239388-0ECB-4177-94D7-540CF13E7785}.Release|Any CPU.Build.0 = Release|Any CPU
		{CE239388-0ECB-4177-94D7-540CF13E7785}.Release|x64.ActiveCfg = Release|Any CPU
		{CE239388-0ECB-4177-94D7-540CF13E7785}.Release|x64.Build.0 = Release|Any CPU
		{CE239388-0ECB-4177-94D7-540CF13E7785}.Release|x86.ActiveCfg = Release|Any CPU
		{CE239388-0ECB-4177-94D7-540CF13E7785}.Release|x86.Build.0 = Release|Any CPU
		{38186810-AF95-4F96-A232-111793413302}.Debug|Any CPU.ActiveCfg = Debug|Any CPU
		{38186810-AF95-4F96-A232-111793413302}.Debug|Any CPU.Build.0 = Debug|Any CPU
		{38186810-AF95-4F96-A232-111793413302}.Debug|x64.ActiveCfg = Debug|Any CPU
		{38186810-AF95-4F96-A232-111793413302}.Debug|x64.Build.0 = Debug|Any CPU
		{38186810-AF95-4F96-A232-111793413302}.Debug|x86.ActiveCfg = Debug|Any CPU
		{38186810-AF95-4F96-A232-111793413302}.Debug|x86.Build.0 = Debug|Any CPU
		{38186810-AF95-4F96-A232-111793413302}.Release|Any CPU.ActiveCfg = Release|Any CPU
		{38186810-AF95-4F96-A232-111793413302}.Release|Any CPU.Build.0 = Release|Any CPU
		{38186810-AF95-4F96-A232-111793413302}.Release|x64.ActiveCfg = Release|Any CPU
		{38186810-AF95-4F96-A232-111793413302}.Release|x64.Build.0 = Release|Any CPU
		{38186810-AF95-4F96-A232-111793413302}.Release|x86.ActiveCfg = Release|Any CPU
		{38186810-AF95-4F96-A232-111793413302}.Release|x86.Build.0 = Release|Any CPU
		{963EDE81-4E97-4EAC-8477-C0F7AC11488D}.Debug|Any CPU.ActiveCfg = Debug|Any CPU
		{963EDE81-4E97-4EAC-8477-C0F7AC11488D}.Debug|Any CPU.Build.0 = Debug|Any CPU
		{963EDE81-4E97-4EAC-8477-C0F7AC11488D}.Debug|x64.ActiveCfg = Debug|Any CPU
		{963EDE81-4E97-4EAC-8477-C0F7AC11488D}.Debug|x64.Build.0 = Debug|Any CPU
		{963EDE81-4E97-4EAC-8477-C0F7AC11488D}.Debug|x86.ActiveCfg = Debug|Any CPU
		{963EDE81-4E97-4EAC-8477-C0F7AC11488D}.Debug|x86.Build.0 = Debug|Any CPU
		{963EDE81-4E97-4EAC-8477-C0F7AC11488D}.Release|Any CPU.ActiveCfg = Release|Any CPU
		{963EDE81-4E97-4EAC-8477-C0F7AC11488D}.Release|Any CPU.Build.0 = Release|Any CPU
		{963EDE81-4E97-4EAC-8477-C0F7AC11488D}.Release|x64.ActiveCfg = Release|Any CPU
		{963EDE81-4E97-4EAC-8477-C0F7AC11488D}.Release|x64.Build.0 = Release|Any CPU
		{963EDE81-4E97-4EAC-8477-C0F7AC11488D}.Release|x86.ActiveCfg = Release|Any CPU
		{963EDE81-4E97-4EAC-8477-C0F7AC11488D}.Release|x86.Build.0 = Release|Any CPU
		{3CFAB3FF-1507-449B-A5E6-38A393004D3D}.Debug|Any CPU.ActiveCfg = Debug|Any CPU
		{3CFAB3FF-1507-449B-A5E6-38A393004D3D}.Debug|Any CPU.Build.0 = Debug|Any CPU
		{3CFAB3FF-1507-449B-A5E6-38A393004D3D}.Debug|x64.ActiveCfg = Debug|Any CPU
		{3CFAB3FF-1507-449B-A5E6-38A393004D3D}.Debug|x64.Build.0 = Debug|Any CPU
		{3CFAB3FF-1507-449B-A5E6-38A393004D3D}.Debug|x86.ActiveCfg = Debug|Any CPU
		{3CFAB3FF-1507-449B-A5E6-38A393004D3D}.Debug|x86.Build.0 = Debug|Any CPU
		{3CFAB3FF-1507-449B-A5E6-38A393004D3D}.Release|Any CPU.ActiveCfg = Release|Any CPU
		{3CFAB3FF-1507-449B-A5E6-38A393004D3D}.Release|Any CPU.Build.0 = Release|Any CPU
		{3CFAB3FF-1507-449B-A5E6-38A393004D3D}.Release|x64.ActiveCfg = Release|Any CPU
		{3CFAB3FF-1507-449B-A5E6-38A393004D3D}.Release|x64.Build.0 = Release|Any CPU
		{3CFAB3FF-1507-449B-A5E6-38A393004D3D}.Release|x86.ActiveCfg = Release|Any CPU
		{3CFAB3FF-1507-449B-A5E6-38A393004D3D}.Release|x86.Build.0 = Release|Any CPU
		{B1FCE8DA-09D5-45B4-9CFC-88BA97E00EED}.Debug|Any CPU.ActiveCfg = Debug|Any CPU
		{B1FCE8DA-09D5-45B4-9CFC-88BA97E00EED}.Debug|Any CPU.Build.0 = Debug|Any CPU
		{B1FCE8DA-09D5-45B4-9CFC-88BA97E00EED}.Debug|x64.ActiveCfg = Debug|Any CPU
		{B1FCE8DA-09D5-45B4-9CFC-88BA97E00EED}.Debug|x64.Build.0 = Debug|Any CPU
		{B1FCE8DA-09D5-45B4-9CFC-88BA97E00EED}.Debug|x86.ActiveCfg = Debug|Any CPU
		{B1FCE8DA-09D5-45B4-9CFC-88BA97E00EED}.Debug|x86.Build.0 = Debug|Any CPU
		{B1FCE8DA-09D5-45B4-9CFC-88BA97E00EED}.Release|Any CPU.ActiveCfg = Release|Any CPU
		{B1FCE8DA-09D5-45B4-9CFC-88BA97E00EED}.Release|Any CPU.Build.0 = Release|Any CPU
		{B1FCE8DA-09D5-45B4-9CFC-88BA97E00EED}.Release|x64.ActiveCfg = Release|Any CPU
		{B1FCE8DA-09D5-45B4-9CFC-88BA97E00EED}.Release|x64.Build.0 = Release|Any CPU
		{B1FCE8DA-09D5-45B4-9CFC-88BA97E00EED}.Release|x86.ActiveCfg = Release|Any CPU
		{B1FCE8DA-09D5-45B4-9CFC-88BA97E00EED}.Release|x86.Build.0 = Release|Any CPU
		{41BB4884-327D-43DE-8844-F4533E6B627E}.Debug|Any CPU.ActiveCfg = Debug|Any CPU
		{41BB4884-327D-43DE-8844-F4533E6B627E}.Debug|Any CPU.Build.0 = Debug|Any CPU
		{41BB4884-327D-43DE-8844-F4533E6B627E}.Debug|x64.ActiveCfg = Debug|Any CPU
		{41BB4884-327D-43DE-8844-F4533E6B627E}.Debug|x64.Build.0 = Debug|Any CPU
		{41BB4884-327D-43DE-8844-F4533E6B627E}.Debug|x86.ActiveCfg = Debug|Any CPU
		{41BB4884-327D-43DE-8844-F4533E6B627E}.Debug|x86.Build.0 = Debug|Any CPU
		{41BB4884-327D-43DE-8844-F4533E6B627E}.Release|Any CPU.ActiveCfg = Release|Any CPU
		{41BB4884-327D-43DE-8844-F4533E6B627E}.Release|Any CPU.Build.0 = Release|Any CPU
		{41BB4884-327D-43DE-8844-F4533E6B627E}.Release|x64.ActiveCfg = Release|Any CPU
		{41BB4884-327D-43DE-8844-F4533E6B627E}.Release|x64.Build.0 = Release|Any CPU
		{41BB4884-327D-43DE-8844-F4533E6B627E}.Release|x86.ActiveCfg = Release|Any CPU
		{41BB4884-327D-43DE-8844-F4533E6B627E}.Release|x86.Build.0 = Release|Any CPU
		{0A7B7852-4787-490A-9804-23EBEC0BF6F6}.Debug|Any CPU.ActiveCfg = Debug|Any CPU
		{0A7B7852-4787-490A-9804-23EBEC0BF6F6}.Debug|Any CPU.Build.0 = Debug|Any CPU
		{0A7B7852-4787-490A-9804-23EBEC0BF6F6}.Debug|x64.ActiveCfg = Debug|Any CPU
		{0A7B7852-4787-490A-9804-23EBEC0BF6F6}.Debug|x64.Build.0 = Debug|Any CPU
		{0A7B7852-4787-490A-9804-23EBEC0BF6F6}.Debug|x86.ActiveCfg = Debug|Any CPU
		{0A7B7852-4787-490A-9804-23EBEC0BF6F6}.Debug|x86.Build.0 = Debug|Any CPU
		{0A7B7852-4787-490A-9804-23EBEC0BF6F6}.Release|Any CPU.ActiveCfg = Release|Any CPU
		{0A7B7852-4787-490A-9804-23EBEC0BF6F6}.Release|Any CPU.Build.0 = Release|Any CPU
		{0A7B7852-4787-490A-9804-23EBEC0BF6F6}.Release|x64.ActiveCfg = Release|Any CPU
		{0A7B7852-4787-490A-9804-23EBEC0BF6F6}.Release|x64.Build.0 = Release|Any CPU
		{0A7B7852-4787-490A-9804-23EBEC0BF6F6}.Release|x86.ActiveCfg = Release|Any CPU
		{0A7B7852-4787-490A-9804-23EBEC0BF6F6}.Release|x86.Build.0 = Release|Any CPU
		{3632800F-7381-4240-87AF-4D96E99C0982}.Debug|Any CPU.ActiveCfg = Debug|Any CPU
		{3632800F-7381-4240-87AF-4D96E99C0982}.Debug|Any CPU.Build.0 = Debug|Any CPU
		{3632800F-7381-4240-87AF-4D96E99C0982}.Debug|x64.ActiveCfg = Debug|Any CPU
		{3632800F-7381-4240-87AF-4D96E99C0982}.Debug|x64.Build.0 = Debug|Any CPU
		{3632800F-7381-4240-87AF-4D96E99C0982}.Debug|x86.ActiveCfg = Debug|Any CPU
		{3632800F-7381-4240-87AF-4D96E99C0982}.Debug|x86.Build.0 = Debug|Any CPU
		{3632800F-7381-4240-87AF-4D96E99C0982}.Release|Any CPU.ActiveCfg = Release|Any CPU
		{3632800F-7381-4240-87AF-4D96E99C0982}.Release|Any CPU.Build.0 = Release|Any CPU
		{3632800F-7381-4240-87AF-4D96E99C0982}.Release|x64.ActiveCfg = Release|Any CPU
		{3632800F-7381-4240-87AF-4D96E99C0982}.Release|x64.Build.0 = Release|Any CPU
		{3632800F-7381-4240-87AF-4D96E99C0982}.Release|x86.ActiveCfg = Release|Any CPU
		{3632800F-7381-4240-87AF-4D96E99C0982}.Release|x86.Build.0 = Release|Any CPU
		{6736C8B3-B9E9-4823-970F-CFFBEB1F1797}.Debug|Any CPU.ActiveCfg = Debug|Any CPU
		{6736C8B3-B9E9-4823-970F-CFFBEB1F1797}.Debug|Any CPU.Build.0 = Debug|Any CPU
		{6736C8B3-B9E9-4823-970F-CFFBEB1F1797}.Debug|x64.ActiveCfg = Debug|Any CPU
		{6736C8B3-B9E9-4823-970F-CFFBEB1F1797}.Debug|x64.Build.0 = Debug|Any CPU
		{6736C8B3-B9E9-4823-970F-CFFBEB1F1797}.Debug|x86.ActiveCfg = Debug|Any CPU
		{6736C8B3-B9E9-4823-970F-CFFBEB1F1797}.Debug|x86.Build.0 = Debug|Any CPU
		{6736C8B3-B9E9-4823-970F-CFFBEB1F1797}.Release|Any CPU.ActiveCfg = Release|Any CPU
		{6736C8B3-B9E9-4823-970F-CFFBEB1F1797}.Release|Any CPU.Build.0 = Release|Any CPU
		{6736C8B3-B9E9-4823-970F-CFFBEB1F1797}.Release|x64.ActiveCfg = Release|Any CPU
		{6736C8B3-B9E9-4823-970F-CFFBEB1F1797}.Release|x64.Build.0 = Release|Any CPU
		{6736C8B3-B9E9-4823-970F-CFFBEB1F1797}.Release|x86.ActiveCfg = Release|Any CPU
		{6736C8B3-B9E9-4823-970F-CFFBEB1F1797}.Release|x86.Build.0 = Release|Any CPU
		{20FCF76A-5B2E-4B5D-A162-8B752B7209BD}.Debug|Any CPU.ActiveCfg = Debug|Any CPU
		{20FCF76A-5B2E-4B5D-A162-8B752B7209BD}.Debug|Any CPU.Build.0 = Debug|Any CPU
		{20FCF76A-5B2E-4B5D-A162-8B752B7209BD}.Debug|x64.ActiveCfg = Debug|Any CPU
		{20FCF76A-5B2E-4B5D-A162-8B752B7209BD}.Debug|x64.Build.0 = Debug|Any CPU
		{20FCF76A-5B2E-4B5D-A162-8B752B7209BD}.Debug|x86.ActiveCfg = Debug|Any CPU
		{20FCF76A-5B2E-4B5D-A162-8B752B7209BD}.Debug|x86.Build.0 = Debug|Any CPU
		{20FCF76A-5B2E-4B5D-A162-8B752B7209BD}.Release|Any CPU.ActiveCfg = Release|Any CPU
		{20FCF76A-5B2E-4B5D-A162-8B752B7209BD}.Release|Any CPU.Build.0 = Release|Any CPU
		{20FCF76A-5B2E-4B5D-A162-8B752B7209BD}.Release|x64.ActiveCfg = Release|Any CPU
		{20FCF76A-5B2E-4B5D-A162-8B752B7209BD}.Release|x64.Build.0 = Release|Any CPU
		{20FCF76A-5B2E-4B5D-A162-8B752B7209BD}.Release|x86.ActiveCfg = Release|Any CPU
		{20FCF76A-5B2E-4B5D-A162-8B752B7209BD}.Release|x86.Build.0 = Release|Any CPU
		{EB31D208-69DC-4260-8E36-C7DD36E68680}.Debug|Any CPU.ActiveCfg = Debug|Any CPU
		{EB31D208-69DC-4260-8E36-C7DD36E68680}.Debug|Any CPU.Build.0 = Debug|Any CPU
		{EB31D208-69DC-4260-8E36-C7DD36E68680}.Debug|x64.ActiveCfg = Debug|Any CPU
		{EB31D208-69DC-4260-8E36-C7DD36E68680}.Debug|x64.Build.0 = Debug|Any CPU
		{EB31D208-69DC-4260-8E36-C7DD36E68680}.Debug|x86.ActiveCfg = Debug|Any CPU
		{EB31D208-69DC-4260-8E36-C7DD36E68680}.Debug|x86.Build.0 = Debug|Any CPU
		{EB31D208-69DC-4260-8E36-C7DD36E68680}.Release|Any CPU.ActiveCfg = Release|Any CPU
		{EB31D208-69DC-4260-8E36-C7DD36E68680}.Release|Any CPU.Build.0 = Release|Any CPU
		{EB31D208-69DC-4260-8E36-C7DD36E68680}.Release|x64.ActiveCfg = Release|Any CPU
		{EB31D208-69DC-4260-8E36-C7DD36E68680}.Release|x64.Build.0 = Release|Any CPU
		{EB31D208-69DC-4260-8E36-C7DD36E68680}.Release|x86.ActiveCfg = Release|Any CPU
		{EB31D208-69DC-4260-8E36-C7DD36E68680}.Release|x86.Build.0 = Release|Any CPU
		{47E18C7A-8C0D-4FA3-A916-7E978DC250C6}.Debug|Any CPU.ActiveCfg = Debug|Any CPU
		{47E18C7A-8C0D-4FA3-A916-7E978DC250C6}.Debug|Any CPU.Build.0 = Debug|Any CPU
		{47E18C7A-8C0D-4FA3-A916-7E978DC250C6}.Debug|x64.ActiveCfg = Debug|Any CPU
		{47E18C7A-8C0D-4FA3-A916-7E978DC250C6}.Debug|x64.Build.0 = Debug|Any CPU
		{47E18C7A-8C0D-4FA3-A916-7E978DC250C6}.Debug|x86.ActiveCfg = Debug|Any CPU
		{47E18C7A-8C0D-4FA3-A916-7E978DC250C6}.Debug|x86.Build.0 = Debug|Any CPU
		{47E18C7A-8C0D-4FA3-A916-7E978DC250C6}.Release|Any CPU.ActiveCfg = Release|Any CPU
		{47E18C7A-8C0D-4FA3-A916-7E978DC250C6}.Release|Any CPU.Build.0 = Release|Any CPU
		{47E18C7A-8C0D-4FA3-A916-7E978DC250C6}.Release|x64.ActiveCfg = Release|Any CPU
		{47E18C7A-8C0D-4FA3-A916-7E978DC250C6}.Release|x64.Build.0 = Release|Any CPU
		{47E18C7A-8C0D-4FA3-A916-7E978DC250C6}.Release|x86.ActiveCfg = Release|Any CPU
		{47E18C7A-8C0D-4FA3-A916-7E978DC250C6}.Release|x86.Build.0 = Release|Any CPU
	EndGlobalSection
	GlobalSection(SolutionProperties) = preSolution
		HideSolutionNode = FALSE
	EndGlobalSection
	GlobalSection(RiderSharedRunConfigurations) = postSolution
		File = .run-docker-compose\docker-compose.run.xml
	EndGlobalSection
EndGlobal
